<?xml version="1.0" encoding="utf-8"?>
<Project ToolsVersion="4.0" xmlns="http://schemas.microsoft.com/developer/msbuild/2003">
  <ItemGroup>
    <Filter Include="ソース ファイル">
      <UniqueIdentifier>{4FC737F1-C7A5-4376-A066-2A32D752A2FF}</UniqueIdentifier>
      <Extensions>cpp;c;cc;cxx;c++;cppm;ixx;def;odl;idl;hpj;bat;asm;asmx</Extensions>
    </Filter>
    <Filter Include="ヘッダー ファイル">
      <UniqueIdentifier>{93995380-89BD-4b04-88EB-625FBE52EBFB}</UniqueIdentifier>
      <Extensions>h;hh;hpp;hxx;h++;hm;inl;inc;ipp;xsd</Extensions>
    </Filter>
    <Filter Include="リソース ファイル">
      <UniqueIdentifier>{67DA6AB6-F800-4c08-8B7A-83BB121AAD01}</UniqueIdentifier>
      <Extensions>rc;ico;cur;bmp;dlg;rc2;rct;bin;rgs;gif;jpg;jpeg;jpe;resx;tiff;tif;png;wav;mfcribbon-ms</Extensions>
    </Filter>
    <Filter Include="ソース ファイル\player">
      <UniqueIdentifier>{492ad4d5-c7bd-4acf-a2be-815ff09a083b}</UniqueIdentifier>
    </Filter>
    <Filter Include="ソース ファイル\animation">
      <UniqueIdentifier>{a4e65f11-83fd-4a14-afb3-8730eee219b4}</UniqueIdentifier>
    </Filter>
    <Filter Include="ソース ファイル\object">
      <UniqueIdentifier>{727fde97-1d75-49e7-99ba-fcfb80766e72}</UniqueIdentifier>
    </Filter>
    <Filter Include="ソース ファイル\camera">
      <UniqueIdentifier>{6ebbd0ff-3448-41ae-8729-ad5329630857}</UniqueIdentifier>
    </Filter>
    <Filter Include="ソース ファイル\stage">
      <UniqueIdentifier>{9f3370c4-dc0f-4a3c-a790-8d24b1537a99}</UniqueIdentifier>
    </Filter>
    <Filter Include="ソース ファイル\super_arts">
      <UniqueIdentifier>{4999ca3b-8115-4d54-a0a9-b43522d00428}</UniqueIdentifier>
    </Filter>
    <Filter Include="ソース ファイル\effect">
      <UniqueIdentifier>{1e514953-09da-49bd-99c6-47158c0329a5}</UniqueIdentifier>
    </Filter>
    <Filter Include="ソース ファイル\weapon">
      <UniqueIdentifier>{9e3922bc-ea56-4d45-a6ac-fee487c98310}</UniqueIdentifier>
    </Filter>
    <Filter Include="ソース ファイル\enemy">
      <UniqueIdentifier>{edc88656-5f50-44ac-a378-29828ac12672}</UniqueIdentifier>
    </Filter>
    <Filter Include="ソース ファイル\enemy\base_enemy">
      <UniqueIdentifier>{4c493c1e-3181-4de2-89f4-ad01247d07fc}</UniqueIdentifier>
    </Filter>
    <Filter Include="ソース ファイル\enemy\normal_enemy">
      <UniqueIdentifier>{e3bfe9dc-8f8b-40fa-aafd-0afe999bd427}</UniqueIdentifier>
    </Filter>
    <Filter Include="ソース ファイル\enemy\enemy_manager">
      <UniqueIdentifier>{9bb5588a-3959-43e4-a8b0-fb797750e1e0}</UniqueIdentifier>
    </Filter>
    <Filter Include="ソース ファイル\collision">
      <UniqueIdentifier>{71da9952-793b-499b-ad24-f24749d7433d}</UniqueIdentifier>
    </Filter>
    <Filter Include="ソース ファイル\weapon\bat">
      <UniqueIdentifier>{4d4e20bb-8d81-4cc1-a22f-a405788255de}</UniqueIdentifier>
    </Filter>
    <Filter Include="ソース ファイル\weapon\warp_rod">
      <UniqueIdentifier>{c7efb715-cbb3-42b1-86db-980ecc309cb3}</UniqueIdentifier>
    </Filter>
    <Filter Include="ソース ファイル\weapon\weapon_base">
      <UniqueIdentifier>{99ff8028-6c6d-4aa2-8183-3f09326a3bbc}</UniqueIdentifier>
    </Filter>
    <Filter Include="ソース ファイル\weapon\wizard_staff">
      <UniqueIdentifier>{eedf8c26-a763-4f54-8ab9-51ac9dc520d0}</UniqueIdentifier>
    </Filter>
    <Filter Include="ソース ファイル\input">
      <UniqueIdentifier>{65f0a8d7-0912-4c49-9331-a1a767538ac8}</UniqueIdentifier>
    </Filter>
    <Filter Include="ソース ファイル\camera\brain">
      <UniqueIdentifier>{ed48946d-e6c9-4919-b4aa-9e4b9df8ed7c}</UniqueIdentifier>
    </Filter>
    <Filter Include="ソース ファイル\camera\virtual_camera">
      <UniqueIdentifier>{fa706251-f122-4ac8-afd1-5aff87042bb9}</UniqueIdentifier>
    </Filter>
    <Filter Include="ソース ファイル\camera\main_camera">
      <UniqueIdentifier>{7904e0c3-038e-4725-bb80-2400a5a3e162}</UniqueIdentifier>
    </Filter>
    <Filter Include="ソース ファイル\camera\virtual_camera\get">
      <UniqueIdentifier>{7cb84b6d-e01a-4a95-9d77-da4c6e2629e1}</UniqueIdentifier>
    </Filter>
    <Filter Include="ソース ファイル\camera\virtual_camera\base">
      <UniqueIdentifier>{76310c51-9f8a-4f61-a9c6-d05d7ffe65a5}</UniqueIdentifier>
    </Filter>
    <Filter Include="ソース ファイル\camera\virtual_camera\super_attack">
      <UniqueIdentifier>{edd82d93-98f0-4994-b958-07d53023478c}</UniqueIdentifier>
    </Filter>
    <Filter Include="ソース ファイル\camera\virtual_camera\sphere">
      <UniqueIdentifier>{49e7e668-e4e3-4adf-9cae-fefc6c0dba6c}</UniqueIdentifier>
    </Filter>
    <Filter Include="ソース ファイル\camera\virtual_camera\tracking">
      <UniqueIdentifier>{da29ebf3-84b9-4076-a488-199f8ff5d655}</UniqueIdentifier>
    </Filter>
    <Filter Include="ソース ファイル\camera\virtual_camera\super_attack_vacuum">
      <UniqueIdentifier>{21d6830d-86d2-474d-a9c0-1f8e546f1daa}</UniqueIdentifier>
    </Filter>
    <Filter Include="ソース ファイル\sky_dom">
      <UniqueIdentifier>{519557b4-47f3-4452-b3e6-c87a00e5893c}</UniqueIdentifier>
    </Filter>
    <Filter Include="ソース ファイル\input\vibration">
      <UniqueIdentifier>{4c44d59d-76ab-46ca-a183-465268f3358e}</UniqueIdentifier>
    </Filter>
    <Filter Include="ソース ファイル\UI">
      <UniqueIdentifier>{1738b5a4-7d7d-4690-a6b3-75653cbb1cfe}</UniqueIdentifier>
    </Filter>
    <Filter Include="ソース ファイル\post_effect">
      <UniqueIdentifier>{f40736bc-fe5d-4dbd-8760-5db008a6aa49}</UniqueIdentifier>
    </Filter>
    <Filter Include="ソース ファイル\post_effect\line">
      <UniqueIdentifier>{02a588bd-6e9a-46dd-a62f-7c077bdd87c6}</UniqueIdentifier>
    </Filter>
    <Filter Include="ソース ファイル\sub_screen">
      <UniqueIdentifier>{7ce70e21-d239-48e1-939f-b93fb7df999a}</UniqueIdentifier>
    </Filter>
    <Filter Include="ソース ファイル\movie">
      <UniqueIdentifier>{c515c847-5ac6-495f-8958-58a3fb1d4dcf}</UniqueIdentifier>
    </Filter>
    <Filter Include="ソース ファイル\scene">
      <UniqueIdentifier>{1d81bd55-ce6e-4c58-b231-a9eec6d66ca3}</UniqueIdentifier>
    </Filter>
    <Filter Include="ソース ファイル\scene\base">
      <UniqueIdentifier>{025444c7-4d63-41ec-893a-9a69d2c11808}</UniqueIdentifier>
    </Filter>
    <Filter Include="ソース ファイル\scene\result">
      <UniqueIdentifier>{a62c3e30-994c-4c40-9b7c-8bf9f6cedb5d}</UniqueIdentifier>
    </Filter>
    <Filter Include="ソース ファイル\scene\title">
      <UniqueIdentifier>{ce069253-9e05-4921-bb9a-5c621707dcf5}</UniqueIdentifier>
    </Filter>
    <Filter Include="ソース ファイル\scene\game">
      <UniqueIdentifier>{dfba3545-15c5-42de-811a-23343baa818a}</UniqueIdentifier>
    </Filter>
    <Filter Include="ソース ファイル\scene\manager">
      <UniqueIdentifier>{da79228d-09dc-4f53-b0e8-bf5e81a69a99}</UniqueIdentifier>
    </Filter>
    <Filter Include="ソース ファイル\time">
      <UniqueIdentifier>{46f02387-6406-4ec2-8fe0-64c5a8102274}</UniqueIdentifier>
    </Filter>
    <Filter Include="ソース ファイル\AI">
      <UniqueIdentifier>{1d4f56c3-6a8e-4be9-9b8d-623c681bab61}</UniqueIdentifier>
    </Filter>
    <Filter Include="ソース ファイル\enemy\state">
      <UniqueIdentifier>{02135972-fd3c-4b56-9177-5dd81011049a}</UniqueIdentifier>
    </Filter>
    <Filter Include="ソース ファイル\enemy\state\enemy_state">
      <UniqueIdentifier>{45550f1b-671d-448b-b984-a16d65fc5bd0}</UniqueIdentifier>
    </Filter>
    <Filter Include="ソース ファイル\enemy\state\enemy_state\base">
      <UniqueIdentifier>{de82a9de-8a52-4c25-9bae-020cc8c0b747}</UniqueIdentifier>
    </Filter>
    <Filter Include="ソース ファイル\enemy\state\enemy_state\patrolling">
      <UniqueIdentifier>{a2faeb9f-8acc-4e05-93a7-5442d415e216}</UniqueIdentifier>
    </Filter>
    <Filter Include="ソース ファイル\enemy\state\enemy_state\alert">
      <UniqueIdentifier>{69074d67-404b-4321-8cf0-a8ffd052b112}</UniqueIdentifier>
    </Filter>
    <Filter Include="ソース ファイル\enemy\state\enemy_state\fleeping">
      <UniqueIdentifier>{a9bf050d-9a63-40a3-a574-e095fbd5571f}</UniqueIdentifier>
    </Filter>
    <Filter Include="ソース ファイル\virtual_sound">
      <UniqueIdentifier>{71cdfb39-5921-4644-84dc-6b3b819cd39f}</UniqueIdentifier>
    </Filter>
    <Filter Include="ソース ファイル\enemy\state\enemy_state\surprise">
      <UniqueIdentifier>{a91406b8-b2a3-4277-881f-a0fbe451fc09}</UniqueIdentifier>
    </Filter>
    <Filter Include="ソース ファイル\alert_state">
      <UniqueIdentifier>{35e2a15a-2140-4f1b-8606-96813245c311}</UniqueIdentifier>
    </Filter>
    <Filter Include="ソース ファイル\shadow_map">
      <UniqueIdentifier>{28a34536-9c23-4243-a5ad-5ef213d44a96}</UniqueIdentifier>
    </Filter>
    <Filter Include="ソース ファイル\way_point">
      <UniqueIdentifier>{6b126273-90f7-48d8-81cc-89234f9f1219}</UniqueIdentifier>
    </Filter>
    <Filter Include="ソース ファイル\AI\FSM">
      <UniqueIdentifier>{84c6e8f6-3254-42e3-990c-76fd4a403aa8}</UniqueIdentifier>
    </Filter>
    <Filter Include="ソース ファイル\AI\navigation">
      <UniqueIdentifier>{1df9db0c-496b-4a4d-8354-fcffe0e7efee}</UniqueIdentifier>
    </Filter>
    <Filter Include="ソース ファイル\sub_screen\Normal">
      <UniqueIdentifier>{a3a479f7-c356-464a-920e-6f5731001880}</UniqueIdentifier>
    </Filter>
    <Filter Include="ソース ファイル\UI\super_atackk">
      <UniqueIdentifier>{a11dfc45-c778-49ce-aab4-91c978334db4}</UniqueIdentifier>
    </Filter>
    <Filter Include="ソース ファイル\Singleton">
      <UniqueIdentifier>{f371f4b4-16f3-4e3b-9773-bb8c53407f83}</UniqueIdentifier>
    </Filter>
    <Filter Include="ソース ファイル\Singleton\situation">
      <UniqueIdentifier>{c266bbd9-12cc-4e9a-bc4c-9240a897981b}</UniqueIdentifier>
    </Filter>
    <Filter Include="ソース ファイル\Singleton\debug">
      <UniqueIdentifier>{5283eb33-c945-4946-929e-fe8c2402b82a}</UniqueIdentifier>
    </Filter>
    <Filter Include="ソース ファイル\Singleton\time">
      <UniqueIdentifier>{7fcdefc9-88c9-48d3-8d9f-484334341434}</UniqueIdentifier>
    </Filter>
    <Filter Include="ソース ファイル\Singleton\FPS">
      <UniqueIdentifier>{82cee67e-d633-42a9-ba44-b62a51a378ec}</UniqueIdentifier>
    </Filter>
    <Filter Include="ソース ファイル\Singleton\now_weapon">
      <UniqueIdentifier>{4568467e-2912-4a7c-be16-0bd2447d6dc5}</UniqueIdentifier>
    </Filter>
    <Filter Include="ソース ファイル\Singleton\mask">
      <UniqueIdentifier>{3b25d0d1-3dda-4666-a2e9-57748a81ea9d}</UniqueIdentifier>
    </Filter>
    <Filter Include="ソース ファイル\Singleton\gauss">
      <UniqueIdentifier>{fd595d70-bacd-47b1-a7c6-001a605b8345}</UniqueIdentifier>
    </Filter>
    <Filter Include="ソース ファイル\Singleton\super_attack_cool_time">
      <UniqueIdentifier>{c32bdc0a-c176-40ba-a684-b50ae30f2396}</UniqueIdentifier>
    </Filter>
    <Filter Include="ソース ファイル\UI\data">
      <UniqueIdentifier>{cdec7ff1-29e3-4841-a0fe-90d6ceb8624e}</UniqueIdentifier>
    </Filter>
    <Filter Include="ソース ファイル\UI\weapon_UI">
      <UniqueIdentifier>{313456fa-1676-420b-8c40-dfcbcfea0694}</UniqueIdentifier>
    </Filter>
    <Filter Include="ソース ファイル\calculation">
      <UniqueIdentifier>{d7d7ecdd-711e-40d6-a712-6cc5dddf5639}</UniqueIdentifier>
    </Filter>
    <Filter Include="ソース ファイル\lerp">
      <UniqueIdentifier>{c66272aa-7e64-422d-be5d-def24790f329}</UniqueIdentifier>
    </Filter>
    <Filter Include="ソース ファイル\fov_function">
      <UniqueIdentifier>{d0ed3a0b-23e8-48c1-8895-25931eb5e5c5}</UniqueIdentifier>
    </Filter>
    <Filter Include="ソース ファイル\vector_assistant">
      <UniqueIdentifier>{8d50a7c1-2d4f-417a-8bdd-c1cfe610425a}</UniqueIdentifier>
    </Filter>
    <Filter Include="ソース ファイル\UI\enemy">
      <UniqueIdentifier>{5e9f603c-5535-4c61-bee8-702d1c3301cc}</UniqueIdentifier>
    </Filter>
    <Filter Include="ソース ファイル\charecter_base">
      <UniqueIdentifier>{55f31b01-6e94-4bca-8879-5070916cdde3}</UniqueIdentifier>
    </Filter>
  </ItemGroup>
  <ItemGroup>
    <ClCompile Include="main.cpp">
      <Filter>ソース ファイル</Filter>
    </ClCompile>
    <ClCompile Include="turn_camera.cpp">
      <Filter>ソース ファイル</Filter>
    </ClCompile>
    <ClCompile Include="player.cpp">
      <Filter>ソース ファイル\player</Filter>
    </ClCompile>
    <ClCompile Include="animation.cpp">
      <Filter>ソース ファイル\animation</Filter>
    </ClCompile>
    <ClCompile Include="base_object.cpp">
      <Filter>ソース ファイル\object</Filter>
    </ClCompile>
    <ClCompile Include="FPS.cpp">
      <Filter>ソース ファイル\Singleton\FPS</Filter>
    </ClCompile>
    <ClCompile Include="stage.cpp">
      <Filter>ソース ファイル\stage</Filter>
    </ClCompile>
    <ClCompile Include="super_attack.cpp">
      <Filter>ソース ファイル\super_arts</Filter>
    </ClCompile>
    <ClCompile Include="effect.cpp">
      <Filter>ソース ファイル\effect</Filter>
    </ClCompile>
    <ClCompile Include="effect_manager.cpp">
      <Filter>ソース ファイル\effect</Filter>
    </ClCompile>
    <ClCompile Include="enemy_manager.cpp">
      <Filter>ソース ファイル\enemy\enemy_manager</Filter>
    </ClCompile>
    <ClCompile Include="enemy_base.cpp">
      <Filter>ソース ファイル\enemy\base_enemy</Filter>
    </ClCompile>
    <ClCompile Include="normal_enemy.cpp">
      <Filter>ソース ファイル\enemy\normal_enemy</Filter>
    </ClCompile>
    <ClCompile Include="collision.cpp">
      <Filter>ソース ファイル\collision</Filter>
    </ClCompile>
    <ClCompile Include="situation.cpp">
      <Filter>ソース ファイル\Singleton\situation</Filter>
    </ClCompile>
    <ClCompile Include="bat.cpp">
      <Filter>ソース ファイル\weapon\bat</Filter>
    </ClCompile>
    <ClCompile Include="warp_rod.cpp">
      <Filter>ソース ファイル\weapon\warp_rod</Filter>
    </ClCompile>
    <ClCompile Include="weapon_base.cpp">
      <Filter>ソース ファイル\weapon\weapon_base</Filter>
    </ClCompile>
    <ClCompile Include="wizard_staff.cpp">
      <Filter>ソース ファイル\weapon\wizard_staff</Filter>
    </ClCompile>
    <ClCompile Include="input.cpp">
      <Filter>ソース ファイル\input</Filter>
    </ClCompile>
    <ClCompile Include="debug.cpp">
      <Filter>ソース ファイル\Singleton\debug</Filter>
    </ClCompile>
    <ClCompile Include="brain.cpp">
      <Filter>ソース ファイル\camera\brain</Filter>
    </ClCompile>
    <ClCompile Include="camera.cpp">
      <Filter>ソース ファイル\camera\main_camera</Filter>
    </ClCompile>
    <ClCompile Include="get_camera.cpp">
      <Filter>ソース ファイル\camera\virtual_camera\get</Filter>
    </ClCompile>
    <ClCompile Include="virtual_camera.cpp">
      <Filter>ソース ファイル\camera\virtual_camera\base</Filter>
    </ClCompile>
    <ClCompile Include="super_attack_camera.cpp">
      <Filter>ソース ファイル\camera\virtual_camera\super_attack</Filter>
    </ClCompile>
    <ClCompile Include="sphere_camera.cpp">
      <Filter>ソース ファイル\camera\virtual_camera\sphere</Filter>
    </ClCompile>
    <ClCompile Include="tracking.cpp">
      <Filter>ソース ファイル\camera\virtual_camera\tracking</Filter>
    </ClCompile>
    <ClCompile Include="rot_function.cpp">
      <Filter>ソース ファイル</Filter>
    </ClCompile>
    <ClCompile Include="vacuum_camera.cpp">
      <Filter>ソース ファイル\camera\virtual_camera\super_attack_vacuum</Filter>
    </ClCompile>
    <ClCompile Include="sky_dom.cpp">
      <Filter>ソース ファイル\sky_dom</Filter>
    </ClCompile>
    <ClCompile Include="vibration.cpp">
      <Filter>ソース ファイル\input\vibration</Filter>
    </ClCompile>
    <ClCompile Include="game.cpp">
      <Filter>ソース ファイル\scene\game</Filter>
    </ClCompile>
    <ClCompile Include="line.cpp">
      <Filter>ソース ファイル\post_effect\line</Filter>
    </ClCompile>
    <ClCompile Include="sub_screen.cpp">
      <Filter>ソース ファイル\sub_screen</Filter>
    </ClCompile>
    <ClCompile Include="movie.cpp">
      <Filter>ソース ファイル\movie</Filter>
    </ClCompile>
    <ClCompile Include="base_scene.cpp">
      <Filter>ソース ファイル\scene\base</Filter>
    </ClCompile>
    <ClCompile Include="title.cpp">
      <Filter>ソース ファイル\scene\title</Filter>
    </ClCompile>
    <ClCompile Include="result.cpp">
      <Filter>ソース ファイル\scene\result</Filter>
    </ClCompile>
    <ClCompile Include="scene_manager.cpp">
      <Filter>ソース ファイル\scene\manager</Filter>
    </ClCompile>
    <ClCompile Include="base_sub_screen.cpp">
      <Filter>ソース ファイル\sub_screen</Filter>
    </ClCompile>
    <ClCompile Include="time.cpp">
      <Filter>ソース ファイル\Singleton\time</Filter>
    </ClCompile>
    <ClCompile Include="condition_timer.cpp">
      <Filter>ソース ファイル\time</Filter>
    </ClCompile>
    <ClCompile Include="base_enemy_state.cpp">
      <Filter>ソース ファイル\enemy\state\enemy_state\base</Filter>
    </ClCompile>
    <ClCompile Include="patrolling.cpp">
      <Filter>ソース ファイル\enemy\state\enemy_state\patrolling</Filter>
    </ClCompile>
    <ClCompile Include="alert.cpp">
      <Filter>ソース ファイル\enemy\state\enemy_state\alert</Filter>
    </ClCompile>
    <ClCompile Include="fleeping.cpp">
      <Filter>ソース ファイル\enemy\state\enemy_state\fleeping</Filter>
    </ClCompile>
    <ClCompile Include="sound_vibration.cpp">
      <Filter>ソース ファイル\virtual_sound</Filter>
    </ClCompile>
    <ClCompile Include="surprise.cpp">
      <Filter>ソース ファイル\enemy\state\enemy_state\surprise</Filter>
    </ClCompile>
    <ClCompile Include="alert_state.cpp">
      <Filter>ソース ファイル\alert_state</Filter>
    </ClCompile>
    <ClCompile Include="shadow_map.cpp">
      <Filter>ソース ファイル\shadow_map</Filter>
    </ClCompile>
    <ClCompile Include="way_point.cpp">
      <Filter>ソース ファイル\way_point</Filter>
    </ClCompile>
    <ClCompile Include="enemy_FSM.cpp">
      <Filter>ソース ファイル\AI\FSM</Filter>
    </ClCompile>
    <ClCompile Include="navigation.cpp">
      <Filter>ソース ファイル\AI\navigation</Filter>
    </ClCompile>
    <ClCompile Include="normal_sub_screen.cpp">
      <Filter>ソース ファイル\sub_screen\Normal</Filter>
    </ClCompile>
    <ClCompile Include="gauss.cpp">
      <Filter>ソース ファイル\Singleton\gauss</Filter>
    </ClCompile>
    <ClCompile Include="weapon_checker.cpp">
      <Filter>ソース ファイル\Singleton\now_weapon</Filter>
    </ClCompile>
    <ClCompile Include="super_attac_UI.cpp">
      <Filter>ソース ファイル\UI\super_atackk</Filter>
    </ClCompile>
    <ClCompile Include="mask.cpp">
      <Filter>ソース ファイル\Singleton\mask</Filter>
    </ClCompile>
    <ClCompile Include="super_attack_cool_time.cpp">
      <Filter>ソース ファイル\Singleton\super_attack_cool_time</Filter>
    </ClCompile>
    <ClCompile Include="UI_data.cpp">
      <Filter>ソース ファイル\UI\data</Filter>
    </ClCompile>
    <ClCompile Include="weapon_UI.cpp">
      <Filter>ソース ファイル\UI\weapon_UI</Filter>
    </ClCompile>
    <ClCompile Include="calculation.cpp">
      <Filter>ソース ファイル</Filter>
    </ClCompile>
    <ClCompile Include="lerp.cpp">
      <Filter>ソース ファイル\lerp</Filter>
    </ClCompile>
    <ClCompile Include="fov_function.cpp">
      <Filter>ソース ファイル\fov_function</Filter>
    </ClCompile>
    <ClCompile Include="vector_assistant.cpp">
      <Filter>ソース ファイル\vector_assistant</Filter>
    </ClCompile>
    <ClCompile Include="enemy_count_UI.cpp">
      <Filter>ソース ファイル\UI\enemy</Filter>
    </ClCompile>
    <ClCompile Include="collision_data.cpp">
      <Filter>ソース ファイル\collision</Filter>
    </ClCompile>
    <ClCompile Include="character_base.cpp">
      <Filter>ソース ファイル\charecter_base</Filter>
    </ClCompile>
  </ItemGroup>
  <ItemGroup>
    <ClInclude Include="keyconfig.h">
      <Filter>ヘッダー ファイル</Filter>
    </ClInclude>
    <ClInclude Include="screen.h">
      <Filter>ヘッダー ファイル</Filter>
    </ClInclude>
    <ClInclude Include="mixamo_fram.h">
      <Filter>ヘッダー ファイル</Filter>
    </ClInclude>
    <ClInclude Include="turn_camera.h">
      <Filter>ヘッダー ファイル</Filter>
    </ClInclude>
    <ClInclude Include="Calculation.h">
      <Filter>ヘッダー ファイル</Filter>
    </ClInclude>
    <ClInclude Include="player.h">
      <Filter>ソース ファイル\player</Filter>
    </ClInclude>
    <ClInclude Include="animation.h">
      <Filter>ソース ファイル\animation</Filter>
    </ClInclude>
    <ClInclude Include="base_object.h">
      <Filter>ソース ファイル\object</Filter>
    </ClInclude>
    <ClInclude Include="FPS.h">
      <Filter>ソース ファイル\Singleton\FPS</Filter>
    </ClInclude>
    <ClInclude Include="stage.h">
      <Filter>ソース ファイル\stage</Filter>
    </ClInclude>
    <ClInclude Include="super_attack.h">
      <Filter>ソース ファイル\super_arts</Filter>
    </ClInclude>
    <ClInclude Include="effect.h">
      <Filter>ソース ファイル\effect</Filter>
    </ClInclude>
    <ClInclude Include="effect_manager.h">
      <Filter>ソース ファイル\effect</Filter>
    </ClInclude>
    <ClInclude Include="enemy_manager.h">
      <Filter>ソース ファイル\enemy\enemy_manager</Filter>
    </ClInclude>
    <ClInclude Include="enemy_base.h">
      <Filter>ソース ファイル\enemy\base_enemy</Filter>
    </ClInclude>
    <ClInclude Include="normal_enemy.h">
      <Filter>ソース ファイル\enemy\normal_enemy</Filter>
    </ClInclude>
    <ClInclude Include="collision.h">
      <Filter>ソース ファイル\collision</Filter>
    </ClInclude>
    <ClInclude Include="collision_data.h">
      <Filter>ソース ファイル\collision</Filter>
    </ClInclude>
    <ClInclude Include="situation.h">
      <Filter>ソース ファイル\Singleton\situation</Filter>
    </ClInclude>
    <ClInclude Include="bat.h">
      <Filter>ソース ファイル\weapon\bat</Filter>
    </ClInclude>
    <ClInclude Include="warp_rod.h">
      <Filter>ソース ファイル\weapon\warp_rod</Filter>
    </ClInclude>
    <ClInclude Include="weapon_base.h">
      <Filter>ソース ファイル\weapon\weapon_base</Filter>
    </ClInclude>
    <ClInclude Include="wizard_staff.h">
      <Filter>ソース ファイル\weapon\wizard_staff</Filter>
    </ClInclude>
    <ClInclude Include="input.h">
      <Filter>ソース ファイル\input</Filter>
    </ClInclude>
    <ClInclude Include="debug.h">
      <Filter>ソース ファイル\Singleton\debug</Filter>
    </ClInclude>
    <ClInclude Include="brain.h">
      <Filter>ソース ファイル\camera\brain</Filter>
    </ClInclude>
    <ClInclude Include="camera.h">
      <Filter>ソース ファイル\camera\main_camera</Filter>
    </ClInclude>
    <ClInclude Include="get_camera.h">
      <Filter>ソース ファイル\camera\virtual_camera\get</Filter>
    </ClInclude>
    <ClInclude Include="virtual_camera.h">
      <Filter>ソース ファイル\camera\virtual_camera\base</Filter>
    </ClInclude>
    <ClInclude Include="super_attack_camera.h">
      <Filter>ソース ファイル\camera\virtual_camera\super_attack</Filter>
    </ClInclude>
    <ClInclude Include="sphere_camera.h">
      <Filter>ソース ファイル\camera\virtual_camera\sphere</Filter>
    </ClInclude>
    <ClInclude Include="tracking.h">
      <Filter>ソース ファイル\camera\virtual_camera\tracking</Filter>
    </ClInclude>
    <ClInclude Include="rot_function.h">
      <Filter>ヘッダー ファイル</Filter>
    </ClInclude>
    <ClInclude Include="vacuum_camera.h">
      <Filter>ソース ファイル\camera\virtual_camera\super_attack_vacuum</Filter>
    </ClInclude>
    <ClInclude Include="sky_dom.h">
      <Filter>ソース ファイル\sky_dom</Filter>
    </ClInclude>
    <ClInclude Include="vibration.h">
      <Filter>ソース ファイル\input\vibration</Filter>
    </ClInclude>
    <ClInclude Include="game.h">
      <Filter>ソース ファイル\scene\game</Filter>
    </ClInclude>
    <ClInclude Include="line.h">
      <Filter>ソース ファイル\post_effect\line</Filter>
    </ClInclude>
    <ClInclude Include="sub_screen.h">
      <Filter>ソース ファイル\sub_screen</Filter>
    </ClInclude>
    <ClInclude Include="movie.h">
      <Filter>ソース ファイル\movie</Filter>
    </ClInclude>
    <ClInclude Include="base_scene.h">
      <Filter>ソース ファイル\scene\base</Filter>
    </ClInclude>
    <ClInclude Include="title.h">
      <Filter>ソース ファイル\scene\title</Filter>
    </ClInclude>
    <ClInclude Include="result.h">
      <Filter>ソース ファイル\scene\result</Filter>
    </ClInclude>
    <ClInclude Include="scene_manager.h">
      <Filter>ソース ファイル\scene\manager</Filter>
    </ClInclude>
    <ClInclude Include="base_sub_screen.h">
      <Filter>ソース ファイル\sub_screen</Filter>
    </ClInclude>
    <ClInclude Include="time.h">
      <Filter>ソース ファイル\Singleton\time</Filter>
    </ClInclude>
    <ClInclude Include="condition_timer.h">
      <Filter>ソース ファイル\time</Filter>
    </ClInclude>
    <ClInclude Include="base_enemy_state.h">
      <Filter>ソース ファイル\enemy\state\enemy_state\base</Filter>
    </ClInclude>
    <ClInclude Include="patrolling.h">
      <Filter>ソース ファイル\enemy\state\enemy_state\patrolling</Filter>
    </ClInclude>
    <ClInclude Include="alert.h">
      <Filter>ソース ファイル\enemy\state\enemy_state\alert</Filter>
    </ClInclude>
    <ClInclude Include="fleeping.h">
      <Filter>ソース ファイル\enemy\state\enemy_state\fleeping</Filter>
    </ClInclude>
    <ClInclude Include="sound_vibration.h">
      <Filter>ソース ファイル\virtual_sound</Filter>
    </ClInclude>
    <ClInclude Include="surprise.h">
      <Filter>ソース ファイル\enemy\state\enemy_state\surprise</Filter>
    </ClInclude>
    <ClInclude Include="alert_state.h">
      <Filter>ソース ファイル\alert_state</Filter>
    </ClInclude>
    <ClInclude Include="shadow_map.h">
      <Filter>ソース ファイル\shadow_map</Filter>
    </ClInclude>
    <ClInclude Include="way_point.h">
      <Filter>ソース ファイル\way_point</Filter>
    </ClInclude>
    <ClInclude Include="enemy_FSM.h">
      <Filter>ソース ファイル\AI\FSM</Filter>
    </ClInclude>
    <ClInclude Include="navigation.h">
      <Filter>ソース ファイル\AI\navigation</Filter>
    </ClInclude>
    <ClInclude Include="normal_sub_screen.h">
      <Filter>ソース ファイル\sub_screen\Normal</Filter>
    </ClInclude>
    <ClInclude Include="gauss.h">
      <Filter>ソース ファイル\Singleton\gauss</Filter>
    </ClInclude>
    <ClInclude Include="weapon_checker.h">
      <Filter>ソース ファイル\Singleton\now_weapon</Filter>
    </ClInclude>
    <ClInclude Include="super_attack_UI.h">
      <Filter>ソース ファイル\UI\super_atackk</Filter>
    </ClInclude>
    <ClInclude Include="mask.h">
      <Filter>ソース ファイル\Singleton\mask</Filter>
    </ClInclude>
    <ClInclude Include="gauss_data.h">
      <Filter>ヘッダー ファイル</Filter>
    </ClInclude>
    <ClInclude Include="super_attack_cool_time.h">
      <Filter>ソース ファイル\Singleton\super_attack_cool_time</Filter>
    </ClInclude>
    <ClInclude Include="const_rad.h">
      <Filter>ヘッダー ファイル</Filter>
    </ClInclude>
    <ClInclude Include="UI_data.h">
      <Filter>ソース ファイル\UI\data</Filter>
    </ClInclude>
    <ClInclude Include="weapon_UI.h">
      <Filter>ソース ファイル\UI\weapon_UI</Filter>
    </ClInclude>
    <ClInclude Include="lerp.h">
      <Filter>ソース ファイル\lerp</Filter>
    </ClInclude>
    <ClInclude Include="fov_function.h">
      <Filter>ソース ファイル\fov_function</Filter>
    </ClInclude>
    <ClInclude Include="vector_assistant.h">
      <Filter>ソース ファイル\vector_assistant</Filter>
    </ClInclude>
    <ClInclude Include="enemy_count_UI.h">
      <Filter>ソース ファイル\UI\enemy</Filter>
    </ClInclude>
    <ClInclude Include="character_base.h">
      <Filter>ソース ファイル\charecter_base</Filter>
    </ClInclude>
  </ItemGroup>
</Project>